
Microsoft Visual Studio Solution File, Format Version 12.00
# Visual Studio 15
VisualStudioVersion = 15.0.26228.4
MinimumVisualStudioVersion = 10.0.40219.1
Project("{FAE04EC0-301F-11D3-BF4B-00C04F79EFBC}") = "LeaveToObserveApp", "..\Source\Application\LeaveToObserveApp\LeaveToObserveApp.csproj", "{7F030E69-1479-43AE-BEB6-89D068D83236}"
EndProject
Project("{2150E333-8FDC-42A3-9474-1A3956D46DE8}") = "1.6 App", "1.6 App", "{AFBC0207-3D9F-494B-B662-F84DCB01C231}"
EndProject
Project("{2150E333-8FDC-42A3-9474-1A3956D46DE8}") = "1.1 BaseLayer", "1.1 BaseLayer", "{BC0A41AC-965B-41D4-BFBA-07D78F601705}"
EndProject
Project("{2150E333-8FDC-42A3-9474-1A3956D46DE8}") = "1.2 General", "1.2 General", "{79E97782-69B3-4BFA-B53B-51B8E2691BA1}"
EndProject
Project("{2150E333-8FDC-42A3-9474-1A3956D46DE8}") = "1.4 UserControl", "1.4 UserControl", "{0A72AA52-5B49-4A1E-B77F-987329F33E74}"
EndProject
Project("{2150E333-8FDC-42A3-9474-1A3956D46DE8}") = "1.5 Modules", "1.5 Modules", "{719522A0-42F0-4AFB-8D44-439807E73152}"
EndProject
Project("{FAE04EC0-301F-11D3-BF4B-00C04F79EFBC}") = "CH.Product.Base.Tool", "..\Source\BaseLayer\CH.Product.Base.Tool\CH.Product.Base.Tool.csproj", "{5B3D89F5-7062-4168-8352-4B7970B468A1}"
EndProject
Project("{FAE04EC0-301F-11D3-BF4B-00C04F79EFBC}") = "CH.Product.General.Logger", "..\Source\GeneralLayer\CH.Product.General.Logger\CH.Product.General.Logger.csproj", "{3507AC1E-0724-482C-A1C8-622C4A991F22}"
EndProject
Project("{FAE04EC0-301F-11D3-BF4B-00C04F79EFBC}") = "CH.Product.General.NetWork", "..\Source\GeneralLayer\CH.Product.General.NetWork\CH.Product.General.NetWork.csproj", "{7ADCF321-ED37-42BE-ADC7-5F7C666B6498}"
EndProject
Project("{2150E333-8FDC-42A3-9474-1A3956D46DE8}") = "1.3 Domain", "1.3 Domain", "{40871FA9-01F0-4CC3-B084-8333230E9CF8}"
EndProject
Project("{FAE04EC0-301F-11D3-BF4B-00C04F79EFBC}") = "CH.Product.Base.Model", "..\Source\BaseLayer\CH.Product.Base.Model\CH.Product.Base.Model.csproj", "{839756A7-7115-4F67-A30A-B7E8F9042BAB}"
EndProject
Project("{FAE04EC0-301F-11D3-BF4B-00C04F79EFBC}") = "CH.Product.Domain.DataService", "..\Source\DomainLayer\CH.Product.Domain.DataService\CH.Product.Domain.DataService.csproj", "{7438D716-F6BE-46C4-B5A5-C6B6F412A540}"
EndProject
Project("{2150E333-8FDC-42A3-9474-1A3956D46DE8}") = "1 CodeLayer", "1 CodeLayer", "{D29BB886-C93D-459F-8E7A-1692BB2CD399}"
EndProject
Project("{2150E333-8FDC-42A3-9474-1A3956D46DE8}") = "2 Document", "2 Document", "{C92972C8-BAC5-4819-9391-D1B3AA26379C}"
	ProjectSection(SolutionItems) = preProject
		..\Document\北坝医院留观机界面(改)18.4.11.png = ..\Document\北坝医院留观机界面(改)18.4.11.png
		..\Document\北坝医院留观机界面(改)18.4.11mark.png = ..\Document\北坝医院留观机界面(改)18.4.11mark.png
		..\Document\北坝卫生院数字化门诊系统-留观机需求规格说明书.docx = ..\Document\北坝卫生院数字化门诊系统-留观机需求规格说明书.docx
		架构设计.dgml = 架构设计.dgml
	EndProjectSection
EndProject
Project("{FAE04EC0-301F-11D3-BF4B-00C04F79EFBC}") = "CH.Product.Base.AppSystemInfo", "..\Source\BaseLayer\CH.Product.Base.AppSystemInfo\CH.Product.Base.AppSystemInfo.csproj", "{18C4A089-6D57-4331-8121-16BCD06DFCCD}"
EndProject
Project("{FAE04EC0-301F-11D3-BF4B-00C04F79EFBC}") = "HeBianGu.Base.WpfBase", "..\Source\BaseLayer\HeBianGu.Base.WpfBase\HeBianGu.Base.WpfBase.csproj", "{435FEB82-599F-48E3-8891-755ACF8E4117}"
EndProject
Project("{FAE04EC0-301F-11D3-BF4B-00C04F79EFBC}") = "HeBianGu.General.WpfControlLib", "..\Source\GeneralLayer\HeBianGu.General.WpfControlLib\HeBianGu.General.WpfControlLib.csproj", "{B49DC15F-B43C-4306-ADF4-8FA6F5DF7F84}"
EndProject
Project("{FAE04EC0-301F-11D3-BF4B-00C04F79EFBC}") = "CH.Product.UserControls", "..\Source\UserControl\CH.Product.UserControls\CH.Product.UserControls.csproj", "{0AF17354-029C-4374-9780-44C47E7E4682}"
EndProject
Project("{FAE04EC0-301F-11D3-BF4B-00C04F79EFBC}") = "UnitTestProject1", "UnitTestProject1\UnitTestProject1.csproj", "{0FBF9BAA-BDB0-4AA4-B641-09D42324C507}"
EndProject
Project("{54435603-DBB4-11D2-8724-00A0C9A8B90C}") = "LeaveToObserveSetup", "..\SetUp\LeaveToObserveSetup\LeaveToObserveSetup.vdproj", "{28E98048-0199-4A31-BF20-4A59BC69BF9A}"
EndProject
Global
	GlobalSection(SolutionConfigurationPlatforms) = preSolution
		Debug|Any CPU = Debug|Any CPU
		Debug|x86 = Debug|x86
		Release|Any CPU = Release|Any CPU
		Release|x86 = Release|x86
	EndGlobalSection
	GlobalSection(ProjectConfigurationPlatforms) = postSolution
		{7F030E69-1479-43AE-BEB6-89D068D83236}.Debug|Any CPU.ActiveCfg = Debug|Any CPU
		{7F030E69-1479-43AE-BEB6-89D068D83236}.Debug|Any CPU.Build.0 = Debug|Any CPU
		{7F030E69-1479-43AE-BEB6-89D068D83236}.Debug|x86.ActiveCfg = Debug|x86
		{7F030E69-1479-43AE-BEB6-89D068D83236}.Debug|x86.Build.0 = Debug|x86
		{7F030E69-1479-43AE-BEB6-89D068D83236}.Release|Any CPU.ActiveCfg = Release|Any CPU
		{7F030E69-1479-43AE-BEB6-89D068D83236}.Release|Any CPU.Build.0 = Release|Any CPU
		{7F030E69-1479-43AE-BEB6-89D068D83236}.Release|x86.ActiveCfg = Release|x86
		{7F030E69-1479-43AE-BEB6-89D068D83236}.Release|x86.Build.0 = Release|x86
		{5B3D89F5-7062-4168-8352-4B7970B468A1}.Debug|Any CPU.ActiveCfg = Debug|Any CPU
		{5B3D89F5-7062-4168-8352-4B7970B468A1}.Debug|Any CPU.Build.0 = Debug|Any CPU
		{5B3D89F5-7062-4168-8352-4B7970B468A1}.Debug|x86.ActiveCfg = Debug|Any CPU
		{5B3D89F5-7062-4168-8352-4B7970B468A1}.Debug|x86.Build.0 = Debug|Any CPU
		{5B3D89F5-7062-4168-8352-4B7970B468A1}.Release|Any CPU.ActiveCfg = Release|Any CPU
		{5B3D89F5-7062-4168-8352-4B7970B468A1}.Release|Any CPU.Build.0 = Release|Any CPU
		{5B3D89F5-7062-4168-8352-4B7970B468A1}.Release|x86.ActiveCfg = Release|Any CPU
		{5B3D89F5-7062-4168-8352-4B7970B468A1}.Release|x86.Build.0 = Release|Any CPU
		{3507AC1E-0724-482C-A1C8-622C4A991F22}.Debug|Any CPU.ActiveCfg = Debug|Any CPU
		{3507AC1E-0724-482C-A1C8-622C4A991F22}.Debug|Any CPU.Build.0 = Debug|Any CPU
		{3507AC1E-0724-482C-A1C8-622C4A991F22}.Debug|x86.ActiveCfg = Debug|Any CPU
		{3507AC1E-0724-482C-A1C8-622C4A991F22}.Debug|x86.Build.0 = Debug|Any CPU
		{3507AC1E-0724-482C-A1C8-622C4A991F22}.Release|Any CPU.ActiveCfg = Release|Any CPU
		{3507AC1E-0724-482C-A1C8-622C4A991F22}.Release|Any CPU.Build.0 = Release|Any CPU
		{3507AC1E-0724-482C-A1C8-622C4A991F22}.Release|x86.ActiveCfg = Release|Any CPU
		{3507AC1E-0724-482C-A1C8-622C4A991F22}.Release|x86.Build.0 = Release|Any CPU
		{7ADCF321-ED37-42BE-ADC7-5F7C666B6498}.Debug|Any CPU.ActiveCfg = Debug|Any CPU
		{7ADCF321-ED37-42BE-ADC7-5F7C666B6498}.Debug|Any CPU.Build.0 = Debug|Any CPU
		{7ADCF321-ED37-42BE-ADC7-5F7C666B6498}.Debug|x86.ActiveCfg = Debug|Any CPU
		{7ADCF321-ED37-42BE-ADC7-5F7C666B6498}.Debug|x86.Build.0 = Debug|Any CPU
		{7ADCF321-ED37-42BE-ADC7-5F7C666B6498}.Release|Any CPU.ActiveCfg = Release|Any CPU
		{7ADCF321-ED37-42BE-ADC7-5F7C666B6498}.Release|Any CPU.Build.0 = Release|Any CPU
		{7ADCF321-ED37-42BE-ADC7-5F7C666B6498}.Release|x86.ActiveCfg = Release|Any CPU
		{7ADCF321-ED37-42BE-ADC7-5F7C666B6498}.Release|x86.Build.0 = Release|Any CPU
		{839756A7-7115-4F67-A30A-B7E8F9042BAB}.Debug|Any CPU.ActiveCfg = Debug|Any CPU
		{839756A7-7115-4F67-A30A-B7E8F9042BAB}.Debug|Any CPU.Build.0 = Debug|Any CPU
		{839756A7-7115-4F67-A30A-B7E8F9042BAB}.Debug|x86.ActiveCfg = Debug|Any CPU
		{839756A7-7115-4F67-A30A-B7E8F9042BAB}.Debug|x86.Build.0 = Debug|Any CPU
		{839756A7-7115-4F67-A30A-B7E8F9042BAB}.Release|Any CPU.ActiveCfg = Release|Any CPU
		{839756A7-7115-4F67-A30A-B7E8F9042BAB}.Release|Any CPU.Build.0 = Release|Any CPU
		{839756A7-7115-4F67-A30A-B7E8F9042BAB}.Release|x86.ActiveCfg = Release|Any CPU
		{839756A7-7115-4F67-A30A-B7E8F9042BAB}.Release|x86.Build.0 = Release|Any CPU
		{7438D716-F6BE-46C4-B5A5-C6B6F412A540}.Debug|Any CPU.ActiveCfg = Debug|Any CPU
		{7438D716-F6BE-46C4-B5A5-C6B6F412A540}.Debug|Any CPU.Build.0 = Debug|Any CPU
		{7438D716-F6BE-46C4-B5A5-C6B6F412A540}.Debug|x86.ActiveCfg = Debug|Any CPU
		{7438D716-F6BE-46C4-B5A5-C6B6F412A540}.Debug|x86.Build.0 = Debug|Any CPU
		{7438D716-F6BE-46C4-B5A5-C6B6F412A540}.Release|Any CPU.ActiveCfg = Release|Any CPU
		{7438D716-F6BE-46C4-B5A5-C6B6F412A540}.Release|Any CPU.Build.0 = Release|Any CPU
		{7438D716-F6BE-46C4-B5A5-C6B6F412A540}.Release|x86.ActiveCfg = Release|Any CPU
		{7438D716-F6BE-46C4-B5A5-C6B6F412A540}.Release|x86.Build.0 = Release|Any CPU
		{18C4A089-6D57-4331-8121-16BCD06DFCCD}.Debug|Any CPU.ActiveCfg = Debug|Any CPU
		{18C4A089-6D57-4331-8121-16BCD06DFCCD}.Debug|Any CPU.Build.0 = Debug|Any CPU
		{18C4A089-6D57-4331-8121-16BCD06DFCCD}.Debug|x86.ActiveCfg = Debug|Any CPU
		{18C4A089-6D57-4331-8121-16BCD06DFCCD}.Debug|x86.Build.0 = Debug|Any CPU
		{18C4A089-6D57-4331-8121-16BCD06DFCCD}.Release|Any CPU.ActiveCfg = Release|Any CPU
		{18C4A089-6D57-4331-8121-16BCD06DFCCD}.Release|Any CPU.Build.0 = Release|Any CPU
		{18C4A089-6D57-4331-8121-16BCD06DFCCD}.Release|x86.ActiveCfg = Release|Any CPU
		{18C4A089-6D57-4331-8121-16BCD06DFCCD}.Release|x86.Build.0 = Release|Any CPU
		{435FEB82-599F-48E3-8891-755ACF8E4117}.Debug|Any CPU.ActiveCfg = Debug|Any CPU
		{435FEB82-599F-48E3-8891-755ACF8E4117}.Debug|Any CPU.Build.0 = Debug|Any CPU
		{435FEB82-599F-48E3-8891-755ACF8E4117}.Debug|x86.ActiveCfg = Debug|Any CPU
		{435FEB82-599F-48E3-8891-755ACF8E4117}.Debug|x86.Build.0 = Debug|Any CPU
		{435FEB82-599F-48E3-8891-755ACF8E4117}.Release|Any CPU.ActiveCfg = Release|Any CPU
		{435FEB82-599F-48E3-8891-755ACF8E4117}.Release|Any CPU.Build.0 = Release|Any CPU
		{435FEB82-599F-48E3-8891-755ACF8E4117}.Release|x86.ActiveCfg = Release|Any CPU
		{435FEB82-599F-48E3-8891-755ACF8E4117}.Release|x86.Build.0 = Release|Any CPU
		{B49DC15F-B43C-4306-ADF4-8FA6F5DF7F84}.Debug|Any CPU.ActiveCfg = Debug|Any CPU
		{B49DC15F-B43C-4306-ADF4-8FA6F5DF7F84}.Debug|Any CPU.Build.0 = Debug|Any CPU
		{B49DC15F-B43C-4306-ADF4-8FA6F5DF7F84}.Debug|x86.ActiveCfg = Debug|Any CPU
		{B49DC15F-B43C-4306-ADF4-8FA6F5DF7F84}.Debug|x86.Build.0 = Debug|Any CPU
		{B49DC15F-B43C-4306-ADF4-8FA6F5DF7F84}.Release|Any CPU.ActiveCfg = Release|Any CPU
		{B49DC15F-B43C-4306-ADF4-8FA6F5DF7F84}.Release|Any CPU.Build.0 = Release|Any CPU
		{B49DC15F-B43C-4306-ADF4-8FA6F5DF7F84}.Release|x86.ActiveCfg = Release|Any CPU
		{B49DC15F-B43C-4306-ADF4-8FA6F5DF7F84}.Release|x86.Build.0 = Release|Any CPU
		{0AF17354-029C-4374-9780-44C47E7E4682}.Debug|Any CPU.ActiveCfg = Debug|Any CPU
		{0AF17354-029C-4374-9780-44C47E7E4682}.Debug|Any CPU.Build.0 = Debug|Any CPU
		{0AF17354-029C-4374-9780-44C47E7E4682}.Debug|x86.ActiveCfg = Debug|Any CPU
		{0AF17354-029C-4374-9780-44C47E7E4682}.Debug|x86.Build.0 = Debug|Any CPU
		{0AF17354-029C-4374-9780-44C47E7E4682}.Release|Any CPU.ActiveCfg = Release|Any CPU
		{0AF17354-029C-4374-9780-44C47E7E4682}.Release|Any CPU.Build.0 = Release|Any CPU
		{0AF17354-029C-4374-9780-44C47E7E4682}.Release|x86.ActiveCfg = Release|Any CPU
		{0AF17354-029C-4374-9780-44C47E7E4682}.Release|x86.Build.0 = Release|Any CPU
		{0FBF9BAA-BDB0-4AA4-B641-09D42324C507}.Debug|Any CPU.ActiveCfg = Debug|Any CPU
		{0FBF9BAA-BDB0-4AA4-B641-09D42324C507}.Debug|Any CPU.Build.0 = Debug|Any CPU
		{0FBF9BAA-BDB0-4AA4-B641-09D42324C507}.Debug|x86.ActiveCfg = Debug|Any CPU
		{0FBF9BAA-BDB0-4AA4-B641-09D42324C507}.Debug|x86.Build.0 = Debug|Any CPU
		{0FBF9BAA-BDB0-4AA4-B641-09D42324C507}.Release|Any CPU.ActiveCfg = Release|Any CPU
		{0FBF9BAA-BDB0-4AA4-B641-09D42324C507}.Release|Any CPU.Build.0 = Release|Any CPU
		{0FBF9BAA-BDB0-4AA4-B641-09D42324C507}.Release|x86.ActiveCfg = Release|Any CPU
		{0FBF9BAA-BDB0-4AA4-B641-09D42324C507}.Release|x86.Build.0 = Release|Any CPU
		{28E98048-0199-4A31-BF20-4A59BC69BF9A}.Debug|Any CPU.ActiveCfg = Debug
		{28E98048-0199-4A31-BF20-4A59BC69BF9A}.Debug|x86.ActiveCfg = Debug
		{28E98048-0199-4A31-BF20-4A59BC69BF9A}.Debug|x86.Build.0 = Debug
		{28E98048-0199-4A31-BF20-4A59BC69BF9A}.Release|Any CPU.ActiveCfg = Release
		{28E98048-0199-4A31-BF20-4A59BC69BF9A}.Release|x86.ActiveCfg = Release
		{28E98048-0199-4A31-BF20-4A59BC69BF9A}.Release|x86.Build.0 = Release
	EndGlobalSection
	GlobalSection(SolutionProperties) = preSolution
		HideSolutionNode = FALSE
	EndGlobalSection
	GlobalSection(NestedProjects) = preSolution
		{7F030E69-1479-43AE-BEB6-89D068D83236} = {AFBC0207-3D9F-494B-B662-F84DCB01C231}
		{AFBC0207-3D9F-494B-B662-F84DCB01C231} = {D29BB886-C93D-459F-8E7A-1692BB2CD399}
		{BC0A41AC-965B-41D4-BFBA-07D78F601705} = {D29BB886-C93D-459F-8E7A-1692BB2CD399}
		{79E97782-69B3-4BFA-B53B-51B8E2691BA1} = {D29BB886-C93D-459F-8E7A-1692BB2CD399}
		{0A72AA52-5B49-4A1E-B77F-987329F33E74} = {D29BB886-C93D-459F-8E7A-1692BB2CD399}
		{719522A0-42F0-4AFB-8D44-439807E73152} = {D29BB886-C93D-459F-8E7A-1692BB2CD399}
		{5B3D89F5-7062-4168-8352-4B7970B468A1} = {BC0A41AC-965B-41D4-BFBA-07D78F601705}
		{3507AC1E-0724-482C-A1C8-622C4A991F22} = {79E97782-69B3-4BFA-B53B-51B8E2691BA1}
		{7ADCF321-ED37-42BE-ADC7-5F7C666B6498} = {79E97782-69B3-4BFA-B53B-51B8E2691BA1}
		{40871FA9-01F0-4CC3-B084-8333230E9CF8} = {D29BB886-C93D-459F-8E7A-1692BB2CD399}
		{839756A7-7115-4F67-A30A-B7E8F9042BAB} = {BC0A41AC-965B-41D4-BFBA-07D78F601705}
		{7438D716-F6BE-46C4-B5A5-C6B6F412A540} = {40871FA9-01F0-4CC3-B084-8333230E9CF8}
		{18C4A089-6D57-4331-8121-16BCD06DFCCD} = {BC0A41AC-965B-41D4-BFBA-07D78F601705}
		{435FEB82-599F-48E3-8891-755ACF8E4117} = {BC0A41AC-965B-41D4-BFBA-07D78F601705}
		{B49DC15F-B43C-4306-ADF4-8FA6F5DF7F84} = {79E97782-69B3-4BFA-B53B-51B8E2691BA1}
		{0AF17354-029C-4374-9780-44C47E7E4682} = {0A72AA52-5B49-4A1E-B77F-987329F33E74}
	EndGlobalSection
EndGlobal
