
Microsoft Visual Studio Solution File, Format Version 12.00
# Visual Studio 15
VisualStudioVersion = 15.0.26228.4
MinimumVisualStudioVersion = 10.0.40219.1
Project("{2150E333-8FDC-42A3-9474-1A3956D46DE8}") = "1 - Application", "1 - Application", "{2C3412B7-5012-4183-8F69-EF0662F81AD5}"
EndProject
Project("{2150E333-8FDC-42A3-9474-1A3956D46DE8}") = "2 - BaseLayer", "2 - BaseLayer", "{4DC2050C-C532-452E-91B9-FA2BAB937627}"
EndProject
Project("{2150E333-8FDC-42A3-9474-1A3956D46DE8}") = "3 - GeneralLayer", "3 - GeneralLayer", "{B901BB69-EA09-42D0-899A-984D205B725A}"
EndProject
Project("{2150E333-8FDC-42A3-9474-1A3956D46DE8}") = "5 - Modules", "5 - Modules", "{B6DA8417-B1B1-45DD-8C4B-A454E082C9B3}"
EndProject
Project("{2150E333-8FDC-42A3-9474-1A3956D46DE8}") = "6 - UserControls", "6 - UserControls", "{08E3E07D-B230-45DE-AF45-73A1166286C8}"
EndProject
Project("{FAE04EC0-301F-11D3-BF4B-00C04F79EFBC}") = "LTO.General.Logger", "..\Source\GeneralLayer\LTO.General.Logger\LTO.General.Logger.csproj", "{49761701-347A-4C14-AD41-996D09271F07}"
EndProject
Project("{FAE04EC0-301F-11D3-BF4B-00C04F79EFBC}") = "LTO.General.NetWork", "..\Source\GeneralLayer\LTO.General.NetWork\LTO.General.NetWork.csproj", "{5D06542F-66F7-4080-8C24-5178AED6AA3C}"
EndProject
Project("{FAE04EC0-301F-11D3-BF4B-00C04F79EFBC}") = "LTO.Base.Product.Provider", "..\Source\BaseLayer\LTO.Base.Product.Provider\LTO.Base.Product.Provider.csproj", "{FB8BD811-3A5E-4FE3-BD8C-2AED71ABBEC0}"
EndProject
Project("{2150E333-8FDC-42A3-9474-1A3956D46DE8}") = "4 - DomainLayer", "4 - DomainLayer", "{DCD2AC52-47ED-4C1C-8D9F-0FE482BC28C1}"
EndProject
Project("{FAE04EC0-301F-11D3-BF4B-00C04F79EFBC}") = "LTO.Domain.DataService", "..\Source\DomainLayer\LTO.Domain.DataService\LTO.Domain.DataService.csproj", "{7522B825-D0FA-4B21-89AC-2256104DFF55}"
EndProject
Project("{FAE04EC0-301F-11D3-BF4B-00C04F79EFBC}") = "WpfApp.LeaveToObserve", "..\Source\Application\WpfApp.LeaveToObserve\WpfApp.LeaveToObserve.csproj", "{B33DF659-3FFF-43B8-AF40-FE9C240B4D27}"
EndProject
Project("{FAE04EC0-301F-11D3-BF4B-00C04F79EFBC}") = "LTO.General.SystemTool", "..\Source\GeneralLayer\LTO.General.SystemTool\LTO.General.SystemTool.csproj", "{48DA06DD-26C5-405A-B47E-F14AA2FFEA83}"
EndProject
Project("{FAE04EC0-301F-11D3-BF4B-00C04F79EFBC}") = "LTO.Base.Frame.MVVM", "..\Source\BaseLayer\LTO.Base.Frame.MVVM\LTO.Base.Frame.MVVM.csproj", "{F9FA9A39-E268-4665-AD1D-EC4DEB48CC97}"
EndProject
Project("{FAE04EC0-301F-11D3-BF4B-00C04F79EFBC}") = "LTO.Base.Theme.Style", "..\Source\BaseLayer\LTO.Base.Theme.Style\LTO.Base.Theme.Style.csproj", "{625015C8-F451-49AE-BF39-6C648BD036BC}"
EndProject
Project("{FAE04EC0-301F-11D3-BF4B-00C04F79EFBC}") = "LTO.Module.ObserveModule", "..\Source\Modules\LTO.Module.ObserveModule\LTO.Module.ObserveModule.csproj", "{057A845E-2B23-4D09-89B6-B946C46E46EC}"
EndProject
Project("{FAE04EC0-301F-11D3-BF4B-00C04F79EFBC}") = "LTO.Module.GetNumberModule", "..\Source\Modules\LTO.Module.GetNumberModule\LTO.Module.GetNumberModule.csproj", "{B37022B8-0EF1-44E0-AF5C-DE31C67BCC14}"
EndProject
Project("{FAE04EC0-301F-11D3-BF4B-00C04F79EFBC}") = "LTO.General.ModuleManager", "..\Source\GeneralLayer\LTO.General.ModuleManager\LTO.General.ModuleManager.csproj", "{99B03C22-C240-471E-B2DF-433BE2DC46B0}"
EndProject
Project("{FAE04EC0-301F-11D3-BF4B-00C04F79EFBC}") = "LTO.UserControls.Controls", "..\Source\UserControls\LTO.UserControls.Controls\LTO.UserControls.Controls.csproj", "{356FAC93-C6BB-4893-9045-1ADEFBC26BD4}"
EndProject
Project("{FAE04EC0-301F-11D3-BF4B-00C04F79EFBC}") = "LTO.General.Model", "..\Source\GeneralLayer\LTO.General.Model\LTO.General.Model.csproj", "{C9DE89F4-FE74-4967-B472-7C3006E25011}"
EndProject
Project("{2150E333-8FDC-42A3-9474-1A3956D46DE8}") = "7 - Tester", "7 - Tester", "{A273B429-1D5D-46C6-9142-6E70F5FF74AC}"
EndProject
Project("{FAE04EC0-301F-11D3-BF4B-00C04F79EFBC}") = "UnitTestProject1", "..\Source\Tester\UnitTestProject1\UnitTestProject1.csproj", "{2EE1235E-BD22-435D-966E-EF0918A42888}"
EndProject
Project("{FAE04EC0-301F-11D3-BF4B-00C04F79EFBC}") = "LTO.Base.Tool", "..\Source\BaseLayer\LTO.Base.Tool\LTO.Base.Tool.csproj", "{C751BDCB-122E-410E-A697-7F8E44490FDB}"
EndProject
Project("{2150E333-8FDC-42A3-9474-1A3956D46DE8}") = "8 - Install", "8 - Install", "{9748EA1F-85B6-4C5F-A8B2-135220D1352B}"
EndProject
Project("{54435603-DBB4-11D2-8724-00A0C9A8B90C}") = "WpfApp.LeaveToObserveSetup", "..\Source\Install\WpfApp.LeaveToObserveSetup\WpfApp.LeaveToObserveSetup.vdproj", "{B217DECA-6E8A-4E55-A137-AB87D5872059}"
EndProject
Global
	GlobalSection(SolutionConfigurationPlatforms) = preSolution
		Debug|Any CPU = Debug|Any CPU
		Debug|x64 = Debug|x64
		Release|Any CPU = Release|Any CPU
		Release|x64 = Release|x64
	EndGlobalSection
	GlobalSection(ProjectConfigurationPlatforms) = postSolution
		{49761701-347A-4C14-AD41-996D09271F07}.Debug|Any CPU.ActiveCfg = Debug|Any CPU
		{49761701-347A-4C14-AD41-996D09271F07}.Debug|Any CPU.Build.0 = Debug|Any CPU
		{49761701-347A-4C14-AD41-996D09271F07}.Debug|x64.ActiveCfg = Debug|Any CPU
		{49761701-347A-4C14-AD41-996D09271F07}.Debug|x64.Build.0 = Debug|Any CPU
		{49761701-347A-4C14-AD41-996D09271F07}.Release|Any CPU.ActiveCfg = Release|Any CPU
		{49761701-347A-4C14-AD41-996D09271F07}.Release|Any CPU.Build.0 = Release|Any CPU
		{49761701-347A-4C14-AD41-996D09271F07}.Release|x64.ActiveCfg = Release|Any CPU
		{49761701-347A-4C14-AD41-996D09271F07}.Release|x64.Build.0 = Release|Any CPU
		{5D06542F-66F7-4080-8C24-5178AED6AA3C}.Debug|Any CPU.ActiveCfg = Debug|Any CPU
		{5D06542F-66F7-4080-8C24-5178AED6AA3C}.Debug|Any CPU.Build.0 = Debug|Any CPU
		{5D06542F-66F7-4080-8C24-5178AED6AA3C}.Debug|x64.ActiveCfg = Debug|Any CPU
		{5D06542F-66F7-4080-8C24-5178AED6AA3C}.Debug|x64.Build.0 = Debug|Any CPU
		{5D06542F-66F7-4080-8C24-5178AED6AA3C}.Release|Any CPU.ActiveCfg = Release|Any CPU
		{5D06542F-66F7-4080-8C24-5178AED6AA3C}.Release|Any CPU.Build.0 = Release|Any CPU
		{5D06542F-66F7-4080-8C24-5178AED6AA3C}.Release|x64.ActiveCfg = Release|Any CPU
		{5D06542F-66F7-4080-8C24-5178AED6AA3C}.Release|x64.Build.0 = Release|Any CPU
		{FB8BD811-3A5E-4FE3-BD8C-2AED71ABBEC0}.Debug|Any CPU.ActiveCfg = Debug|Any CPU
		{FB8BD811-3A5E-4FE3-BD8C-2AED71ABBEC0}.Debug|Any CPU.Build.0 = Debug|Any CPU
		{FB8BD811-3A5E-4FE3-BD8C-2AED71ABBEC0}.Debug|x64.ActiveCfg = Debug|Any CPU
		{FB8BD811-3A5E-4FE3-BD8C-2AED71ABBEC0}.Debug|x64.Build.0 = Debug|Any CPU
		{FB8BD811-3A5E-4FE3-BD8C-2AED71ABBEC0}.Release|Any CPU.ActiveCfg = Release|Any CPU
		{FB8BD811-3A5E-4FE3-BD8C-2AED71ABBEC0}.Release|Any CPU.Build.0 = Release|Any CPU
		{FB8BD811-3A5E-4FE3-BD8C-2AED71ABBEC0}.Release|x64.ActiveCfg = Release|Any CPU
		{FB8BD811-3A5E-4FE3-BD8C-2AED71ABBEC0}.Release|x64.Build.0 = Release|Any CPU
		{7522B825-D0FA-4B21-89AC-2256104DFF55}.Debug|Any CPU.ActiveCfg = Debug|Any CPU
		{7522B825-D0FA-4B21-89AC-2256104DFF55}.Debug|Any CPU.Build.0 = Debug|Any CPU
		{7522B825-D0FA-4B21-89AC-2256104DFF55}.Debug|x64.ActiveCfg = Debug|Any CPU
		{7522B825-D0FA-4B21-89AC-2256104DFF55}.Debug|x64.Build.0 = Debug|Any CPU
		{7522B825-D0FA-4B21-89AC-2256104DFF55}.Release|Any CPU.ActiveCfg = Release|Any CPU
		{7522B825-D0FA-4B21-89AC-2256104DFF55}.Release|Any CPU.Build.0 = Release|Any CPU
		{7522B825-D0FA-4B21-89AC-2256104DFF55}.Release|x64.ActiveCfg = Release|Any CPU
		{7522B825-D0FA-4B21-89AC-2256104DFF55}.Release|x64.Build.0 = Release|Any CPU
		{B33DF659-3FFF-43B8-AF40-FE9C240B4D27}.Debug|Any CPU.ActiveCfg = Debug|Any CPU
		{B33DF659-3FFF-43B8-AF40-FE9C240B4D27}.Debug|Any CPU.Build.0 = Debug|Any CPU
		{B33DF659-3FFF-43B8-AF40-FE9C240B4D27}.Debug|x64.ActiveCfg = Debug|Any CPU
		{B33DF659-3FFF-43B8-AF40-FE9C240B4D27}.Debug|x64.Build.0 = Debug|Any CPU
		{B33DF659-3FFF-43B8-AF40-FE9C240B4D27}.Release|Any CPU.ActiveCfg = Release|Any CPU
		{B33DF659-3FFF-43B8-AF40-FE9C240B4D27}.Release|Any CPU.Build.0 = Release|Any CPU
		{B33DF659-3FFF-43B8-AF40-FE9C240B4D27}.Release|x64.ActiveCfg = Release|Any CPU
		{B33DF659-3FFF-43B8-AF40-FE9C240B4D27}.Release|x64.Build.0 = Release|Any CPU
		{48DA06DD-26C5-405A-B47E-F14AA2FFEA83}.Debug|Any CPU.ActiveCfg = Debug|Any CPU
		{48DA06DD-26C5-405A-B47E-F14AA2FFEA83}.Debug|Any CPU.Build.0 = Debug|Any CPU
		{48DA06DD-26C5-405A-B47E-F14AA2FFEA83}.Debug|x64.ActiveCfg = Debug|Any CPU
		{48DA06DD-26C5-405A-B47E-F14AA2FFEA83}.Debug|x64.Build.0 = Debug|Any CPU
		{48DA06DD-26C5-405A-B47E-F14AA2FFEA83}.Release|Any CPU.ActiveCfg = Release|Any CPU
		{48DA06DD-26C5-405A-B47E-F14AA2FFEA83}.Release|Any CPU.Build.0 = Release|Any CPU
		{48DA06DD-26C5-405A-B47E-F14AA2FFEA83}.Release|x64.ActiveCfg = Release|Any CPU
		{48DA06DD-26C5-405A-B47E-F14AA2FFEA83}.Release|x64.Build.0 = Release|Any CPU
		{F9FA9A39-E268-4665-AD1D-EC4DEB48CC97}.Debug|Any CPU.ActiveCfg = Debug|Any CPU
		{F9FA9A39-E268-4665-AD1D-EC4DEB48CC97}.Debug|Any CPU.Build.0 = Debug|Any CPU
		{F9FA9A39-E268-4665-AD1D-EC4DEB48CC97}.Debug|x64.ActiveCfg = Debug|Any CPU
		{F9FA9A39-E268-4665-AD1D-EC4DEB48CC97}.Debug|x64.Build.0 = Debug|Any CPU
		{F9FA9A39-E268-4665-AD1D-EC4DEB48CC97}.Release|Any CPU.ActiveCfg = Release|Any CPU
		{F9FA9A39-E268-4665-AD1D-EC4DEB48CC97}.Release|Any CPU.Build.0 = Release|Any CPU
		{F9FA9A39-E268-4665-AD1D-EC4DEB48CC97}.Release|x64.ActiveCfg = Release|Any CPU
		{F9FA9A39-E268-4665-AD1D-EC4DEB48CC97}.Release|x64.Build.0 = Release|Any CPU
		{625015C8-F451-49AE-BF39-6C648BD036BC}.Debug|Any CPU.ActiveCfg = Debug|Any CPU
		{625015C8-F451-49AE-BF39-6C648BD036BC}.Debug|Any CPU.Build.0 = Debug|Any CPU
		{625015C8-F451-49AE-BF39-6C648BD036BC}.Debug|x64.ActiveCfg = Debug|Any CPU
		{625015C8-F451-49AE-BF39-6C648BD036BC}.Debug|x64.Build.0 = Debug|Any CPU
		{625015C8-F451-49AE-BF39-6C648BD036BC}.Release|Any CPU.ActiveCfg = Release|Any CPU
		{625015C8-F451-49AE-BF39-6C648BD036BC}.Release|Any CPU.Build.0 = Release|Any CPU
		{625015C8-F451-49AE-BF39-6C648BD036BC}.Release|x64.ActiveCfg = Release|Any CPU
		{625015C8-F451-49AE-BF39-6C648BD036BC}.Release|x64.Build.0 = Release|Any CPU
		{057A845E-2B23-4D09-89B6-B946C46E46EC}.Debug|Any CPU.ActiveCfg = Debug|Any CPU
		{057A845E-2B23-4D09-89B6-B946C46E46EC}.Debug|Any CPU.Build.0 = Debug|Any CPU
		{057A845E-2B23-4D09-89B6-B946C46E46EC}.Debug|x64.ActiveCfg = Debug|Any CPU
		{057A845E-2B23-4D09-89B6-B946C46E46EC}.Debug|x64.Build.0 = Debug|Any CPU
		{057A845E-2B23-4D09-89B6-B946C46E46EC}.Release|Any CPU.ActiveCfg = Release|Any CPU
		{057A845E-2B23-4D09-89B6-B946C46E46EC}.Release|Any CPU.Build.0 = Release|Any CPU
		{057A845E-2B23-4D09-89B6-B946C46E46EC}.Release|x64.ActiveCfg = Release|Any CPU
		{057A845E-2B23-4D09-89B6-B946C46E46EC}.Release|x64.Build.0 = Release|Any CPU
		{B37022B8-0EF1-44E0-AF5C-DE31C67BCC14}.Debug|Any CPU.ActiveCfg = Debug|Any CPU
		{B37022B8-0EF1-44E0-AF5C-DE31C67BCC14}.Debug|Any CPU.Build.0 = Debug|Any CPU
		{B37022B8-0EF1-44E0-AF5C-DE31C67BCC14}.Debug|x64.ActiveCfg = Debug|Any CPU
		{B37022B8-0EF1-44E0-AF5C-DE31C67BCC14}.Debug|x64.Build.0 = Debug|Any CPU
		{B37022B8-0EF1-44E0-AF5C-DE31C67BCC14}.Release|Any CPU.ActiveCfg = Release|Any CPU
		{B37022B8-0EF1-44E0-AF5C-DE31C67BCC14}.Release|Any CPU.Build.0 = Release|Any CPU
		{B37022B8-0EF1-44E0-AF5C-DE31C67BCC14}.Release|x64.ActiveCfg = Release|Any CPU
		{B37022B8-0EF1-44E0-AF5C-DE31C67BCC14}.Release|x64.Build.0 = Release|Any CPU
		{99B03C22-C240-471E-B2DF-433BE2DC46B0}.Debug|Any CPU.ActiveCfg = Debug|Any CPU
		{99B03C22-C240-471E-B2DF-433BE2DC46B0}.Debug|Any CPU.Build.0 = Debug|Any CPU
		{99B03C22-C240-471E-B2DF-433BE2DC46B0}.Debug|x64.ActiveCfg = Debug|Any CPU
		{99B03C22-C240-471E-B2DF-433BE2DC46B0}.Debug|x64.Build.0 = Debug|Any CPU
		{99B03C22-C240-471E-B2DF-433BE2DC46B0}.Release|Any CPU.ActiveCfg = Release|Any CPU
		{99B03C22-C240-471E-B2DF-433BE2DC46B0}.Release|Any CPU.Build.0 = Release|Any CPU
		{99B03C22-C240-471E-B2DF-433BE2DC46B0}.Release|x64.ActiveCfg = Release|Any CPU
		{99B03C22-C240-471E-B2DF-433BE2DC46B0}.Release|x64.Build.0 = Release|Any CPU
		{356FAC93-C6BB-4893-9045-1ADEFBC26BD4}.Debug|Any CPU.ActiveCfg = Debug|Any CPU
		{356FAC93-C6BB-4893-9045-1ADEFBC26BD4}.Debug|Any CPU.Build.0 = Debug|Any CPU
		{356FAC93-C6BB-4893-9045-1ADEFBC26BD4}.Debug|x64.ActiveCfg = Debug|Any CPU
		{356FAC93-C6BB-4893-9045-1ADEFBC26BD4}.Debug|x64.Build.0 = Debug|Any CPU
		{356FAC93-C6BB-4893-9045-1ADEFBC26BD4}.Release|Any CPU.ActiveCfg = Release|Any CPU
		{356FAC93-C6BB-4893-9045-1ADEFBC26BD4}.Release|Any CPU.Build.0 = Release|Any CPU
		{356FAC93-C6BB-4893-9045-1ADEFBC26BD4}.Release|x64.ActiveCfg = Release|Any CPU
		{356FAC93-C6BB-4893-9045-1ADEFBC26BD4}.Release|x64.Build.0 = Release|Any CPU
		{C9DE89F4-FE74-4967-B472-7C3006E25011}.Debug|Any CPU.ActiveCfg = Debug|Any CPU
		{C9DE89F4-FE74-4967-B472-7C3006E25011}.Debug|Any CPU.Build.0 = Debug|Any CPU
		{C9DE89F4-FE74-4967-B472-7C3006E25011}.Debug|x64.ActiveCfg = Debug|Any CPU
		{C9DE89F4-FE74-4967-B472-7C3006E25011}.Debug|x64.Build.0 = Debug|Any CPU
		{C9DE89F4-FE74-4967-B472-7C3006E25011}.Release|Any CPU.ActiveCfg = Release|Any CPU
		{C9DE89F4-FE74-4967-B472-7C3006E25011}.Release|Any CPU.Build.0 = Release|Any CPU
		{C9DE89F4-FE74-4967-B472-7C3006E25011}.Release|x64.ActiveCfg = Release|Any CPU
		{C9DE89F4-FE74-4967-B472-7C3006E25011}.Release|x64.Build.0 = Release|Any CPU
		{2EE1235E-BD22-435D-966E-EF0918A42888}.Debug|Any CPU.ActiveCfg = Debug|Any CPU
		{2EE1235E-BD22-435D-966E-EF0918A42888}.Debug|Any CPU.Build.0 = Debug|Any CPU
		{2EE1235E-BD22-435D-966E-EF0918A42888}.Debug|x64.ActiveCfg = Debug|Any CPU
		{2EE1235E-BD22-435D-966E-EF0918A42888}.Debug|x64.Build.0 = Debug|Any CPU
		{2EE1235E-BD22-435D-966E-EF0918A42888}.Release|Any CPU.ActiveCfg = Release|Any CPU
		{2EE1235E-BD22-435D-966E-EF0918A42888}.Release|Any CPU.Build.0 = Release|Any CPU
		{2EE1235E-BD22-435D-966E-EF0918A42888}.Release|x64.ActiveCfg = Release|Any CPU
		{2EE1235E-BD22-435D-966E-EF0918A42888}.Release|x64.Build.0 = Release|Any CPU
		{C751BDCB-122E-410E-A697-7F8E44490FDB}.Debug|Any CPU.ActiveCfg = Debug|Any CPU
		{C751BDCB-122E-410E-A697-7F8E44490FDB}.Debug|Any CPU.Build.0 = Debug|Any CPU
		{C751BDCB-122E-410E-A697-7F8E44490FDB}.Debug|x64.ActiveCfg = Debug|Any CPU
		{C751BDCB-122E-410E-A697-7F8E44490FDB}.Debug|x64.Build.0 = Debug|Any CPU
		{C751BDCB-122E-410E-A697-7F8E44490FDB}.Release|Any CPU.ActiveCfg = Release|Any CPU
		{C751BDCB-122E-410E-A697-7F8E44490FDB}.Release|Any CPU.Build.0 = Release|Any CPU
		{C751BDCB-122E-410E-A697-7F8E44490FDB}.Release|x64.ActiveCfg = Release|Any CPU
		{C751BDCB-122E-410E-A697-7F8E44490FDB}.Release|x64.Build.0 = Release|Any CPU
		{B217DECA-6E8A-4E55-A137-AB87D5872059}.Debug|Any CPU.ActiveCfg = Debug
		{B217DECA-6E8A-4E55-A137-AB87D5872059}.Debug|x64.ActiveCfg = Debug
		{B217DECA-6E8A-4E55-A137-AB87D5872059}.Release|Any CPU.ActiveCfg = Release
		{B217DECA-6E8A-4E55-A137-AB87D5872059}.Release|x64.ActiveCfg = Release
	EndGlobalSection
	GlobalSection(SolutionProperties) = preSolution
		HideSolutionNode = FALSE
	EndGlobalSection
	GlobalSection(NestedProjects) = preSolution
		{49761701-347A-4C14-AD41-996D09271F07} = {B901BB69-EA09-42D0-899A-984D205B725A}
		{5D06542F-66F7-4080-8C24-5178AED6AA3C} = {B901BB69-EA09-42D0-899A-984D205B725A}
		{FB8BD811-3A5E-4FE3-BD8C-2AED71ABBEC0} = {4DC2050C-C532-452E-91B9-FA2BAB937627}
		{7522B825-D0FA-4B21-89AC-2256104DFF55} = {DCD2AC52-47ED-4C1C-8D9F-0FE482BC28C1}
		{B33DF659-3FFF-43B8-AF40-FE9C240B4D27} = {2C3412B7-5012-4183-8F69-EF0662F81AD5}
		{48DA06DD-26C5-405A-B47E-F14AA2FFEA83} = {B901BB69-EA09-42D0-899A-984D205B725A}
		{F9FA9A39-E268-4665-AD1D-EC4DEB48CC97} = {4DC2050C-C532-452E-91B9-FA2BAB937627}
		{625015C8-F451-49AE-BF39-6C648BD036BC} = {4DC2050C-C532-452E-91B9-FA2BAB937627}
		{057A845E-2B23-4D09-89B6-B946C46E46EC} = {B6DA8417-B1B1-45DD-8C4B-A454E082C9B3}
		{B37022B8-0EF1-44E0-AF5C-DE31C67BCC14} = {B6DA8417-B1B1-45DD-8C4B-A454E082C9B3}
		{99B03C22-C240-471E-B2DF-433BE2DC46B0} = {B901BB69-EA09-42D0-899A-984D205B725A}
		{356FAC93-C6BB-4893-9045-1ADEFBC26BD4} = {08E3E07D-B230-45DE-AF45-73A1166286C8}
		{C9DE89F4-FE74-4967-B472-7C3006E25011} = {B901BB69-EA09-42D0-899A-984D205B725A}
		{2EE1235E-BD22-435D-966E-EF0918A42888} = {A273B429-1D5D-46C6-9142-6E70F5FF74AC}
		{C751BDCB-122E-410E-A697-7F8E44490FDB} = {4DC2050C-C532-452E-91B9-FA2BAB937627}
		{B217DECA-6E8A-4E55-A137-AB87D5872059} = {9748EA1F-85B6-4C5F-A8B2-135220D1352B}
	EndGlobalSection
	GlobalSection(ExtensibilityGlobals) = postSolution
		SolutionGuid = {A7654AF5-84E2-495E-8917-65CF06B3C765}
	EndGlobalSection
EndGlobal
